// !$*UTF8*$!
{
	archiveVersion = 1;
	classes = {
	};
	objectVersion = 77;
	objects = {

/* Begin PBXBuildFile section */
		A63BEB6A2D26B79F00B424DC /* Extensions.swift in Sources */ = {isa = PBXBuildFile; fileRef = A63BEB692D26B79C00B424DC /* Extensions.swift */; };
		A63FBA902D27FABE008063D9 /* Contributor.swift in Sources */ = {isa = PBXBuildFile; fileRef = A63FBA8F2D27FABB008063D9 /* Contributor.swift */; };
		A63FBA922D27FAE1008063D9 /* GetAllContributors.swift in Sources */ = {isa = PBXBuildFile; fileRef = A63FBA912D27FAE0008063D9 /* GetAllContributors.swift */; };
		A63FBA972D27FC8C008063D9 /* ContributorListView.swift in Sources */ = {isa = PBXBuildFile; fileRef = A63FBA962D27FC85008063D9 /* ContributorListView.swift */; };
		A63FBA992D27FE10008063D9 /* ContributorCollectionViewCell.swift in Sources */ = {isa = PBXBuildFile; fileRef = A63FBA982D27FE0D008063D9 /* ContributorCollectionViewCell.swift */; };
		A63FBA9B2D280232008063D9 /* ContributorListViewViewModel.swift in Sources */ = {isa = PBXBuildFile; fileRef = A63FBA9A2D280222008063D9 /* ContributorListViewViewModel.swift */; };
		A63FBA9E2D280490008063D9 /* ImageLoader.swift in Sources */ = {isa = PBXBuildFile; fileRef = A63FBA9D2D28048F008063D9 /* ImageLoader.swift */; };
		A63FBAA02D282E27008063D9 /* ContributorCollectionViewCellViewModel.swift in Sources */ = {isa = PBXBuildFile; fileRef = A63FBA9F2D282E21008063D9 /* ContributorCollectionViewCellViewModel.swift */; };
		A6406EDF2D2BF5F9006A4C2E /* ContributorDetailView.swift in Sources */ = {isa = PBXBuildFile; fileRef = A6406EDE2D2BF5EB006A4C2E /* ContributorDetailView.swift */; };
		A6406EE12D2C11D7006A4C2E /* Service.swift in Sources */ = {isa = PBXBuildFile; fileRef = A6406EE02D2C11D7006A4C2E /* Service.swift */; };
		A6406EE32D2C11D9006A4C2E /* Request.swift in Sources */ = {isa = PBXBuildFile; fileRef = A6406EE22D2C11D9006A4C2E /* Request.swift */; };
		A642D4EA2D25BA8600AAABD6 /* AppDelegate.swift in Sources */ = {isa = PBXBuildFile; fileRef = A642D4E42D25BA8600AAABD6 /* AppDelegate.swift */; };
		A642D4EB2D25BA8600AAABD6 /* SceneDelegate.swift in Sources */ = {isa = PBXBuildFile; fileRef = A642D4E82D25BA8600AAABD6 /* SceneDelegate.swift */; };
		A642D4EC2D25BA8600AAABD6 /* Assets.xcassets in Resources */ = {isa = PBXBuildFile; fileRef = A642D4E52D25BA8600AAABD6 /* Assets.xcassets */; };
		A642D4ED2D25BA8600AAABD6 /* LaunchScreen.storyboard in Resources */ = {isa = PBXBuildFile; fileRef = A642D4E72D25BA8600AAABD6 /* LaunchScreen.storyboard */; };
		A642D4FE2D25BF6A00AAABD6 /* TabViewController.swift in Sources */ = {isa = PBXBuildFile; fileRef = A642D4F92D25BF6A00AAABD6 /* TabViewController.swift */; };
		A642D4FF2D25BF6A00AAABD6 /* OrganizationViewController.swift in Sources */ = {isa = PBXBuildFile; fileRef = A642D4FA2D25BF6A00AAABD6 /* OrganizationViewController.swift */; };
		A642D5002D25BF6A00AAABD6 /* Organization.swift in Sources */ = {isa = PBXBuildFile; fileRef = A642D4F62D25BF6A00AAABD6 /* Organization.swift */; };
		A642D5012D25BF6A00AAABD6 /* ContributorViewController.swift in Sources */ = {isa = PBXBuildFile; fileRef = A642D4FB2D25BF6A00AAABD6 /* ContributorViewController.swift */; };
		A642D5042D25C08B00AAABD6 /* OrganizationViewViewModel.swift in Sources */ = {isa = PBXBuildFile; fileRef = A642D5032D25C08100AAABD6 /* OrganizationViewViewModel.swift */; };
		A642D5072D25C10D00AAABD6 /* OrganizationView.swift in Sources */ = {isa = PBXBuildFile; fileRef = A642D5062D25C10D00AAABD6 /* OrganizationView.swift */; };
		A64B6FC62D2965FC00CCF8C6 /* ContributorDetailViewController.swift in Sources */ = {isa = PBXBuildFile; fileRef = A64B6FC52D2965E700CCF8C6 /* ContributorDetailViewController.swift */; };
		A64B6FC82D2967C400CCF8C6 /* ContributorDetailViewViewModel.swift in Sources */ = {isa = PBXBuildFile; fileRef = A64B6FC72D2967C200CCF8C6 /* ContributorDetailViewViewModel.swift */; };
		A6538FF02D2B359F009A7E7A /* ContributorWithDetails.swift in Sources */ = {isa = PBXBuildFile; fileRef = A6538FEF2D2B3598009A7E7A /* ContributorWithDetails.swift */; };
/* End PBXBuildFile section */

/* Begin PBXFileReference section */
		A63BEB692D26B79C00B424DC /* Extensions.swift */ = {isa = PBXFileReference; lastKnownFileType = sourcecode.swift; path = Extensions.swift; sourceTree = "<group>"; };
		A63FBA8F2D27FABB008063D9 /* Contributor.swift */ = {isa = PBXFileReference; lastKnownFileType = sourcecode.swift; path = Contributor.swift; sourceTree = "<group>"; };
		A63FBA912D27FAE0008063D9 /* GetAllContributors.swift */ = {isa = PBXFileReference; lastKnownFileType = sourcecode.swift; path = GetAllContributors.swift; sourceTree = "<group>"; };
		A63FBA962D27FC85008063D9 /* ContributorListView.swift */ = {isa = PBXFileReference; lastKnownFileType = sourcecode.swift; path = ContributorListView.swift; sourceTree = "<group>"; };
		A63FBA982D27FE0D008063D9 /* ContributorCollectionViewCell.swift */ = {isa = PBXFileReference; lastKnownFileType = sourcecode.swift; path = ContributorCollectionViewCell.swift; sourceTree = "<group>"; };
		A63FBA9A2D280222008063D9 /* ContributorListViewViewModel.swift */ = {isa = PBXFileReference; lastKnownFileType = sourcecode.swift; path = ContributorListViewViewModel.swift; sourceTree = "<group>"; };
		A63FBA9D2D28048F008063D9 /* ImageLoader.swift */ = {isa = PBXFileReference; lastKnownFileType = sourcecode.swift; path = ImageLoader.swift; sourceTree = "<group>"; };
		A63FBA9F2D282E21008063D9 /* ContributorCollectionViewCellViewModel.swift */ = {isa = PBXFileReference; lastKnownFileType = sourcecode.swift; path = ContributorCollectionViewCellViewModel.swift; sourceTree = "<group>"; };
		A6406EDE2D2BF5EB006A4C2E /* ContributorDetailView.swift */ = {isa = PBXFileReference; lastKnownFileType = sourcecode.swift; path = ContributorDetailView.swift; sourceTree = "<group>"; };
		A6406EE02D2C11D7006A4C2E /* Service.swift */ = {isa = PBXFileReference; lastKnownFileType = sourcecode.swift; path = Service.swift; sourceTree = "<group>"; };
		A6406EE22D2C11D9006A4C2E /* Request.swift */ = {isa = PBXFileReference; lastKnownFileType = sourcecode.swift; path = Request.swift; sourceTree = "<group>"; };
		A642D4CC2D25BA4100AAABD6 /* TwitterGithubApp.app */ = {isa = PBXFileReference; explicitFileType = wrapper.application; includeInIndex = 0; path = TwitterGithubApp.app; sourceTree = BUILT_PRODUCTS_DIR; };
		A642D4E42D25BA8600AAABD6 /* AppDelegate.swift */ = {isa = PBXFileReference; lastKnownFileType = sourcecode.swift; path = AppDelegate.swift; sourceTree = "<group>"; };
		A642D4E52D25BA8600AAABD6 /* Assets.xcassets */ = {isa = PBXFileReference; lastKnownFileType = folder.assetcatalog; path = Assets.xcassets; sourceTree = "<group>"; };
		A642D4E62D25BA8600AAABD6 /* Base */ = {isa = PBXFileReference; lastKnownFileType = file.storyboard; name = Base; path = Base.lproj/LaunchScreen.storyboard; sourceTree = "<group>"; };
		A642D4E82D25BA8600AAABD6 /* SceneDelegate.swift */ = {isa = PBXFileReference; lastKnownFileType = sourcecode.swift; path = SceneDelegate.swift; sourceTree = "<group>"; };
		A642D4F62D25BF6A00AAABD6 /* Organization.swift */ = {isa = PBXFileReference; lastKnownFileType = sourcecode.swift; path = Organization.swift; sourceTree = "<group>"; };
		A642D4F92D25BF6A00AAABD6 /* TabViewController.swift */ = {isa = PBXFileReference; lastKnownFileType = sourcecode.swift; path = TabViewController.swift; sourceTree = "<group>"; };
		A642D4FA2D25BF6A00AAABD6 /* OrganizationViewController.swift */ = {isa = PBXFileReference; lastKnownFileType = sourcecode.swift; path = OrganizationViewController.swift; sourceTree = "<group>"; };
		A642D4FB2D25BF6A00AAABD6 /* ContributorViewController.swift */ = {isa = PBXFileReference; lastKnownFileType = sourcecode.swift; path = ContributorViewController.swift; sourceTree = "<group>"; };
		A642D5032D25C08100AAABD6 /* OrganizationViewViewModel.swift */ = {isa = PBXFileReference; lastKnownFileType = sourcecode.swift; path = OrganizationViewViewModel.swift; sourceTree = "<group>"; };
		A642D5062D25C10D00AAABD6 /* OrganizationView.swift */ = {isa = PBXFileReference; lastKnownFileType = sourcecode.swift; path = OrganizationView.swift; sourceTree = "<group>"; };
		A64B6FC52D2965E700CCF8C6 /* ContributorDetailViewController.swift */ = {isa = PBXFileReference; lastKnownFileType = sourcecode.swift; path = ContributorDetailViewController.swift; sourceTree = "<group>"; };
		A64B6FC72D2967C200CCF8C6 /* ContributorDetailViewViewModel.swift */ = {isa = PBXFileReference; lastKnownFileType = sourcecode.swift; path = ContributorDetailViewViewModel.swift; sourceTree = "<group>"; };
		A6538FEF2D2B3598009A7E7A /* ContributorWithDetails.swift */ = {isa = PBXFileReference; lastKnownFileType = sourcecode.swift; path = ContributorWithDetails.swift; sourceTree = "<group>"; };
/* End PBXFileReference section */

/* Begin PBXFrameworksBuildPhase section */
		A642D4C92D25BA4100AAABD6 /* Frameworks */ = {
			isa = PBXFrameworksBuildPhase;
			buildActionMask = 2147483647;
			files = (
			);
			runOnlyForDeploymentPostprocessing = 0;
		};
/* End PBXFrameworksBuildPhase section */

/* Begin PBXGroup section */
		A63FBA932D27FB57008063D9 /* APIResponse */ = {
			isa = PBXGroup;
			children = (
				A63FBA912D27FAE0008063D9 /* GetAllContributors.swift */,
			);
			path = APIResponse;
			sourceTree = "<group>";
		};
		A63FBA952D27FB83008063D9 /* DataTypes */ = {
			isa = PBXGroup;
			children = (
				A6538FEF2D2B3598009A7E7A /* ContributorWithDetails.swift */,
				A63FBA8F2D27FABB008063D9 /* Contributor.swift */,
				A642D4F62D25BF6A00AAABD6 /* Organization.swift */,
			);
			path = DataTypes;
			sourceTree = "<group>";
		};
		A63FBA9C2D28047A008063D9 /* Managers */ = {
			isa = PBXGroup;
			children = (
				A63FBA9D2D28048F008063D9 /* ImageLoader.swift */,
			);
			path = Managers;
			sourceTree = "<group>";
		};
		A642D4C32D25BA4100AAABD6 = {
			isa = PBXGroup;
			children = (
				A642D4E92D25BA8600AAABD6 /* TwitterGithubApp */,
				A642D4CD2D25BA4100AAABD6 /* Products */,
			);
			sourceTree = "<group>";
		};
		A642D4CD2D25BA4100AAABD6 /* Products */ = {
			isa = PBXGroup;
			children = (
				A642D4CC2D25BA4100AAABD6 /* TwitterGithubApp.app */,
			);
			name = Products;
			sourceTree = "<group>";
		};
		A642D4E92D25BA8600AAABD6 /* TwitterGithubApp */ = {
			isa = PBXGroup;
			children = (
				A63FBA9C2D28047A008063D9 /* Managers */,
				A642D5052D25C0F500AAABD6 /* Views */,
				A642D5022D25C04100AAABD6 /* ViewModels */,
				A642D4F72D25BF6A00AAABD6 /* Models */,
				A642D4FD2D25BF6A00AAABD6 /* Controllers */,
				A642D4F22D25BF4100AAABD6 /* APIClient */,
				A642D4EE2D25BA8800AAABD6 /* Resources */,
			);
			path = TwitterGithubApp;
			sourceTree = "<group>";
		};
		A642D4EE2D25BA8800AAABD6 /* Resources */ = {
			isa = PBXGroup;
			children = (
				A63BEB692D26B79C00B424DC /* Extensions.swift */,
				A642D4E42D25BA8600AAABD6 /* AppDelegate.swift */,
				A642D4E52D25BA8600AAABD6 /* Assets.xcassets */,
				A642D4E72D25BA8600AAABD6 /* LaunchScreen.storyboard */,
				A642D4E82D25BA8600AAABD6 /* SceneDelegate.swift */,
			);
			path = Resources;
			sourceTree = "<group>";
		};
		A642D4F22D25BF4100AAABD6 /* APIClient */ = {
			isa = PBXGroup;
			children = (
				A6406EE02D2C11D7006A4C2E /* Service.swift */,
				A6406EE22D2C11D9006A4C2E /* Request.swift */,
			);
			path = APIClient;
			sourceTree = "<group>";
		};
		A642D4F72D25BF6A00AAABD6 /* Models */ = {
			isa = PBXGroup;
			children = (
				A63FBA952D27FB83008063D9 /* DataTypes */,
				A63FBA932D27FB57008063D9 /* APIResponse */,
			);
			path = Models;
			sourceTree = "<group>";
		};
		A642D4F82D25BF6A00AAABD6 /* Others */ = {
			isa = PBXGroup;
			children = (
				A64B6FC52D2965E700CCF8C6 /* ContributorDetailViewController.swift */,
			);
			path = Others;
			sourceTree = "<group>";
		};
		A642D4FC2D25BF6A00AAABD6 /* Core */ = {
			isa = PBXGroup;
			children = (
				A642D4F92D25BF6A00AAABD6 /* TabViewController.swift */,
				A642D4FA2D25BF6A00AAABD6 /* OrganizationViewController.swift */,
				A642D4FB2D25BF6A00AAABD6 /* ContributorViewController.swift */,
			);
			path = Core;
			sourceTree = "<group>";
		};
		A642D4FD2D25BF6A00AAABD6 /* Controllers */ = {
			isa = PBXGroup;
			children = (
				A642D4F82D25BF6A00AAABD6 /* Others */,
				A642D4FC2D25BF6A00AAABD6 /* Core */,
			);
			path = Controllers;
			sourceTree = "<group>";
		};
		A642D5022D25C04100AAABD6 /* ViewModels */ = {
			isa = PBXGroup;
			children = (
				A64B6FC72D2967C200CCF8C6 /* ContributorDetailViewViewModel.swift */,
				A63FBA9F2D282E21008063D9 /* ContributorCollectionViewCellViewModel.swift */,
				A63FBA9A2D280222008063D9 /* ContributorListViewViewModel.swift */,
				A642D5032D25C08100AAABD6 /* OrganizationViewViewModel.swift */,
			);
			path = ViewModels;
			sourceTree = "<group>";
		};
		A642D5052D25C0F500AAABD6 /* Views */ = {
			isa = PBXGroup;
			children = (
				A6406EDE2D2BF5EB006A4C2E /* ContributorDetailView.swift */,
				A63FBA982D27FE0D008063D9 /* ContributorCollectionViewCell.swift */,
				A63FBA962D27FC85008063D9 /* ContributorListView.swift */,
				A642D5062D25C10D00AAABD6 /* OrganizationView.swift */,
			);
			path = Views;
			sourceTree = "<group>";
		};
/* End PBXGroup section */

/* Begin PBXNativeTarget section */
		A642D4CB2D25BA4100AAABD6 /* TwitterGithubApp */ = {
			isa = PBXNativeTarget;
			buildConfigurationList = A642D4DF2D25BA4300AAABD6 /* Build configuration list for PBXNativeTarget "TwitterGithubApp" */;
			buildPhases = (
				A642D4C82D25BA4100AAABD6 /* Sources */,
				A642D4C92D25BA4100AAABD6 /* Frameworks */,
				A642D4CA2D25BA4100AAABD6 /* Resources */,
			);
			buildRules = (
			);
			dependencies = (
			);
			name = TwitterGithubApp;
			packageProductDependencies = (
			);
			productName = TwitterGithubApp;
			productReference = A642D4CC2D25BA4100AAABD6 /* TwitterGithubApp.app */;
			productType = "com.apple.product-type.application";
		};
/* End PBXNativeTarget section */

/* Begin PBXProject section */
		A642D4C42D25BA4100AAABD6 /* Project object */ = {
			isa = PBXProject;
			attributes = {
				BuildIndependentTargetsInParallel = 1;
				LastSwiftUpdateCheck = 1610;
				LastUpgradeCheck = 1610;
				TargetAttributes = {
					A642D4CB2D25BA4100AAABD6 = {
						CreatedOnToolsVersion = 16.1;
					};
				};
			};
			buildConfigurationList = A642D4C72D25BA4100AAABD6 /* Build configuration list for PBXProject "TwitterGithubApp" */;
			developmentRegion = en;
			hasScannedForEncodings = 0;
			knownRegions = (
				en,
				Base,
			);
			mainGroup = A642D4C32D25BA4100AAABD6;
			minimizedProjectReferenceProxies = 1;
			preferredProjectObjectVersion = 77;
			productRefGroup = A642D4CD2D25BA4100AAABD6 /* Products */;
			projectDirPath = "";
			projectRoot = "";
			targets = (
				A642D4CB2D25BA4100AAABD6 /* TwitterGithubApp */,
			);
		};
/* End PBXProject section */

/* Begin PBXResourcesBuildPhase section */
		A642D4CA2D25BA4100AAABD6 /* Resources */ = {
			isa = PBXResourcesBuildPhase;
			buildActionMask = 2147483647;
			files = (
				A642D4EC2D25BA8600AAABD6 /* Assets.xcassets in Resources */,
				A642D4ED2D25BA8600AAABD6 /* LaunchScreen.storyboard in Resources */,
			);
			runOnlyForDeploymentPostprocessing = 0;
		};
/* End PBXResourcesBuildPhase section */

/* Begin PBXSourcesBuildPhase section */
		A642D4C82D25BA4100AAABD6 /* Sources */ = {
			isa = PBXSourcesBuildPhase;
			buildActionMask = 2147483647;
			files = (
				A63FBA992D27FE10008063D9 /* ContributorCollectionViewCell.swift in Sources */,
				A63FBAA02D282E27008063D9 /* ContributorCollectionViewCellViewModel.swift in Sources */,
				A6406EDF2D2BF5F9006A4C2E /* ContributorDetailView.swift in Sources */,
				A642D4EA2D25BA8600AAABD6 /* AppDelegate.swift in Sources */,
				A63FBA902D27FABE008063D9 /* Contributor.swift in Sources */,
				A63FBA9B2D280232008063D9 /* ContributorListViewViewModel.swift in Sources */,
				A63FBA972D27FC8C008063D9 /* ContributorListView.swift in Sources */,
				A642D5072D25C10D00AAABD6 /* OrganizationView.swift in Sources */,
				A642D4FE2D25BF6A00AAABD6 /* TabViewController.swift in Sources */,
				A642D4FF2D25BF6A00AAABD6 /* OrganizationViewController.swift in Sources */,
				A63BEB6A2D26B79F00B424DC /* Extensions.swift in Sources */,
				A642D5042D25C08B00AAABD6 /* OrganizationViewViewModel.swift in Sources */,
				A6538FF02D2B359F009A7E7A /* ContributorWithDetails.swift in Sources */,
				A63FBA922D27FAE1008063D9 /* GetAllContributors.swift in Sources */,
				A63FBA9E2D280490008063D9 /* ImageLoader.swift in Sources */,
				A642D5002D25BF6A00AAABD6 /* Organization.swift in Sources */,
				A64B6FC62D2965FC00CCF8C6 /* ContributorDetailViewController.swift in Sources */,
				A6406EE32D2C11D9006A4C2E /* Request.swift in Sources */,
				A642D5012D25BF6A00AAABD6 /* ContributorViewController.swift in Sources */,
				A642D4EB2D25BA8600AAABD6 /* SceneDelegate.swift in Sources */,
				A64B6FC82D2967C400CCF8C6 /* ContributorDetailViewViewModel.swift in Sources */,
				A6406EE12D2C11D7006A4C2E /* Service.swift in Sources */,
			);
			runOnlyForDeploymentPostprocessing = 0;
		};
/* End PBXSourcesBuildPhase section */

/* Begin PBXVariantGroup section */
		A642D4E72D25BA8600AAABD6 /* LaunchScreen.storyboard */ = {
			isa = PBXVariantGroup;
			children = (
				A642D4E62D25BA8600AAABD6 /* Base */,
			);
			name = LaunchScreen.storyboard;
			sourceTree = "<group>";
		};
/* End PBXVariantGroup section */

/* Begin XCBuildConfiguration section */
		A642D4E02D25BA4300AAABD6 /* Debug */ = {
			isa = XCBuildConfiguration;
			buildSettings = {
				ASSETCATALOG_COMPILER_APPICON_NAME = AppIcon;
				ASSETCATALOG_COMPILER_GLOBAL_ACCENT_COLOR_NAME = AccentColor;
				CODE_SIGN_STYLE = Automatic;
				CURRENT_PROJECT_VERSION = 1;
				GENERATE_INFOPLIST_FILE = YES;
				INFOPLIST_FILE = TwitterGithubApp/Info.plist;
				INFOPLIST_KEY_UIApplicationSupportsIndirectInputEvents = YES;
				INFOPLIST_KEY_UILaunchStoryboardName = LaunchScreen;
				INFOPLIST_KEY_UISupportedInterfaceOrientations_iPad = "UIInterfaceOrientationPortrait UIInterfaceOrientationPortraitUpsideDown UIInterfaceOrientationLandscapeLeft UIInterfaceOrientationLandscapeRight";
				INFOPLIST_KEY_UISupportedInterfaceOrientations_iPhone = "UIInterfaceOrientationPortrait UIInterfaceOrientationLandscapeLeft UIInterfaceOrientationLandscapeRight";
				LD_RUNPATH_SEARCH_PATHS = (
					"$(inherited)",
					"@executable_path/Frameworks",
				);
				MARKETING_VERSION = 1.0;
				PRODUCT_BUNDLE_IDENTIFIER = com.simondv.TwitterGithubApp;
				PRODUCT_NAME = "$(TARGET_NAME)";
				SWIFT_EMIT_LOC_STRINGS = YES;
				SWIFT_VERSION = 5.0;
				TARGETED_DEVICE_FAMILY = "1,2";
			};
			name = Debug;
		};
		A642D4E12D25BA4300AAABD6 /* Release */ = {
			isa = XCBuildConfiguration;
			buildSettings = {
				ASSETCATALOG_COMPILER_APPICON_NAME = AppIcon;
				ASSETCATALOG_COMPILER_GLOBAL_ACCENT_COLOR_NAME = AccentColor;
				CODE_SIGN_STYLE = Automatic;
				CURRENT_PROJECT_VERSION = 1;
				GENERATE_INFOPLIST_FILE = YES;
				INFOPLIST_FILE = TwitterGithubApp/Info.plist;
				INFOPLIST_KEY_UIApplicationSupportsIndirectInputEvents = YES;
				INFOPLIST_KEY_UILaunchStoryboardName = LaunchScreen;
				INFOPLIST_KEY_UISupportedInterfaceOrientations_iPad = "UIInterfaceOrientationPortrait UIInterfaceOrientationPortraitUpsideDown UIInterfaceOrientationLandscapeLeft UIInterfaceOrientationLandscapeRight";
				INFOPLIST_KEY_UISupportedInterfaceOrientations_iPhone = "UIInterfaceOrientationPortrait UIInterfaceOrientationLandscapeLeft UIInterfaceOrientationLandscapeRight";
				LD_RUNPATH_SEARCH_PATHS = (
					"$(inherited)",
					"@executable_path/Frameworks",
				);
				MARKETING_VERSION = 1.0;
				PRODUCT_BUNDLE_IDENTIFIER = com.simondv.TwitterGithubApp;
				PRODUCT_NAME = "$(TARGET_NAME)";
				SWIFT_EMIT_LOC_STRINGS = YES;
				SWIFT_VERSION = 5.0;
				TARGETED_DEVICE_FAMILY = "1,2";
			};
			name = Release;
		};
		A642D4E22D25BA4300AAABD6 /* Debug */ = {
			isa = XCBuildConfiguration;
			buildSettings = {
				ALWAYS_SEARCH_USER_PATHS = NO;
				ASSETCATALOG_COMPILER_GENERATE_SWIFT_ASSET_SYMBOL_EXTENSIONS = YES;
				CLANG_ANALYZER_NONNULL = YES;
				CLANG_ANALYZER_NUMBER_OBJECT_CONVERSION = YES_AGGRESSIVE;
				CLANG_CXX_LANGUAGE_STANDARD = "gnu++20";
				CLANG_ENABLE_MODULES = YES;
				CLANG_ENABLE_OBJC_ARC = YES;
				CLANG_ENABLE_OBJC_WEAK = YES;
				CLANG_WARN_BLOCK_CAPTURE_AUTORELEASING = YES;
				CLANG_WARN_BOOL_CONVERSION = YES;
				CLANG_WARN_COMMA = YES;
				CLANG_WARN_CONSTANT_CONVERSION = YES;
				CLANG_WARN_DEPRECATED_OBJC_IMPLEMENTATIONS = YES;
				CLANG_WARN_DIRECT_OBJC_ISA_USAGE = YES_ERROR;
				CLANG_WARN_DOCUMENTATION_COMMENTS = YES;
				CLANG_WARN_EMPTY_BODY = YES;
				CLANG_WARN_ENUM_CONVERSION = YES;
				CLANG_WARN_INFINITE_RECURSION = YES;
				CLANG_WARN_INT_CONVERSION = YES;
				CLANG_WARN_NON_LITERAL_NULL_CONVERSION = YES;
				CLANG_WARN_OBJC_IMPLICIT_RETAIN_SELF = YES;
				CLANG_WARN_OBJC_LITERAL_CONVERSION = YES;
				CLANG_WARN_OBJC_ROOT_CLASS = YES_ERROR;
				CLANG_WARN_QUOTED_INCLUDE_IN_FRAMEWORK_HEADER = YES;
				CLANG_WARN_RANGE_LOOP_ANALYSIS = YES;
				CLANG_WARN_STRICT_PROTOTYPES = YES;
				CLANG_WARN_SUSPICIOUS_MOVE = YES;
				CLANG_WARN_UNGUARDED_AVAILABILITY = YES_AGGRESSIVE;
				CLANG_WARN_UNREACHABLE_CODE = YES;
				CLANG_WARN__DUPLICATE_METHOD_MATCH = YES;
				COPY_PHASE_STRIP = NO;
				DEBUG_INFORMATION_FORMAT = dwarf;
				ENABLE_STRICT_OBJC_MSGSEND = YES;
				ENABLE_TESTABILITY = YES;
				ENABLE_USER_SCRIPT_SANDBOXING = YES;
				GCC_C_LANGUAGE_STANDARD = gnu17;
				GCC_DYNAMIC_NO_PIC = NO;
				GCC_NO_COMMON_BLOCKS = YES;
				GCC_OPTIMIZATION_LEVEL = 0;
				GCC_PREPROCESSOR_DEFINITIONS = (
					"DEBUG=1",
					"$(inherited)",
				);
				GCC_WARN_64_TO_32_BIT_CONVERSION = YES;
				GCC_WARN_ABOUT_RETURN_TYPE = YES_ERROR;
				GCC_WARN_UNDECLARED_SELECTOR = YES;
				GCC_WARN_UNINITIALIZED_AUTOS = YES_AGGRESSIVE;
				GCC_WARN_UNUSED_FUNCTION = YES;
				GCC_WARN_UNUSED_VARIABLE = YES;
				IPHONEOS_DEPLOYMENT_TARGET = 18.1;
				LOCALIZATION_PREFERS_STRING_CATALOGS = YES;
				MTL_ENABLE_DEBUG_INFO = INCLUDE_SOURCE;
				MTL_FAST_MATH = YES;
				ONLY_ACTIVE_ARCH = YES;
				SDKROOT = iphoneos;
				SWIFT_ACTIVE_COMPILATION_CONDITIONS = "DEBUG $(inherited)";
				SWIFT_OPTIMIZATION_LEVEL = "-Onone";
			};
			name = Debug;
		};
		A642D4E32D25BA4300AAABD6 /* Release */ = {
			isa = XCBuildConfiguration;
			buildSettings = {
				ALWAYS_SEARCH_USER_PATHS = NO;
				ASSETCATALOG_COMPILER_GENERATE_SWIFT_ASSET_SYMBOL_EXTENSIONS = YES;
				CLANG_ANALYZER_NONNULL = YES;
				CLANG_ANALYZER_NUMBER_OBJECT_CONVERSION = YES_AGGRESSIVE;
				CLANG_CXX_LANGUAGE_STANDARD = "gnu++20";
				CLANG_ENABLE_MODULES = YES;
				CLANG_ENABLE_OBJC_ARC = YES;
				CLANG_ENABLE_OBJC_WEAK = YES;
				CLANG_WARN_BLOCK_CAPTURE_AUTORELEASING = YES;
				CLANG_WARN_BOOL_CONVERSION = YES;
				CLANG_WARN_COMMA = YES;
				CLANG_WARN_CONSTANT_CONVERSION = YES;
				CLANG_WARN_DEPRECATED_OBJC_IMPLEMENTATIONS = YES;
				CLANG_WARN_DIRECT_OBJC_ISA_USAGE = YES_ERROR;
				CLANG_WARN_DOCUMENTATION_COMMENTS = YES;
				CLANG_WARN_EMPTY_BODY = YES;
				CLANG_WARN_ENUM_CONVERSION = YES;
				CLANG_WARN_INFINITE_RECURSION = YES;
				CLANG_WARN_INT_CONVERSION = YES;
				CLANG_WARN_NON_LITERAL_NULL_CONVERSION = YES;
				CLANG_WARN_OBJC_IMPLICIT_RETAIN_SELF = YES;
				CLANG_WARN_OBJC_LITERAL_CONVERSION = YES;
				CLANG_WARN_OBJC_ROOT_CLASS = YES_ERROR;
				CLANG_WARN_QUOTED_INCLUDE_IN_FRAMEWORK_HEADER = YES;
				CLANG_WARN_RANGE_LOOP_ANALYSIS = YES;
				CLANG_WARN_STRICT_PROTOTYPES = YES;
				CLANG_WARN_SUSPICIOUS_MOVE = YES;
				CLANG_WARN_UNGUARDED_AVAILABILITY = YES_AGGRESSIVE;
				CLANG_WARN_UNREACHABLE_CODE = YES;
				CLANG_WARN__DUPLICATE_METHOD_MATCH = YES;
				COPY_PHASE_STRIP = NO;
				DEBUG_INFORMATION_FORMAT = "dwarf-with-dsym";
				ENABLE_NS_ASSERTIONS = NO;
				ENABLE_STRICT_OBJC_MSGSEND = YES;
				ENABLE_USER_SCRIPT_SANDBOXING = YES;
				GCC_C_LANGUAGE_STANDARD = gnu17;
				GCC_NO_COMMON_BLOCKS = YES;
				GCC_WARN_64_TO_32_BIT_CONVERSION = YES;
				GCC_WARN_ABOUT_RETURN_TYPE = YES_ERROR;
				GCC_WARN_UNDECLARED_SELECTOR = YES;
				GCC_WARN_UNINITIALIZED_AUTOS = YES_AGGRESSIVE;
				GCC_WARN_UNUSED_FUNCTION = YES;
				GCC_WARN_UNUSED_VARIABLE = YES;
				IPHONEOS_DEPLOYMENT_TARGET = 18.1;
				LOCALIZATION_PREFERS_STRING_CATALOGS = YES;
				MTL_ENABLE_DEBUG_INFO = NO;
				MTL_FAST_MATH = YES;
				SDKROOT = iphoneos;
				SWIFT_COMPILATION_MODE = wholemodule;
				VALIDATE_PRODUCT = YES;
			};
			name = Release;
		};
/* End XCBuildConfiguration section */

/* Begin XCConfigurationList section */
		A642D4C72D25BA4100AAABD6 /* Build configuration list for PBXProject "TwitterGithubApp" */ = {
			isa = XCConfigurationList;
			buildConfigurations = (
				A642D4E22D25BA4300AAABD6 /* Debug */,
				A642D4E32D25BA4300AAABD6 /* Release */,
			);
			defaultConfigurationIsVisible = 0;
			defaultConfigurationName = Release;
		};
		A642D4DF2D25BA4300AAABD6 /* Build configuration list for PBXNativeTarget "TwitterGithubApp" */ = {
			isa = XCConfigurationList;
			buildConfigurations = (
				A642D4E02D25BA4300AAABD6 /* Debug */,
				A642D4E12D25BA4300AAABD6 /* Release */,
			);
			defaultConfigurationIsVisible = 0;
			defaultConfigurationName = Release;
		};
/* End XCConfigurationList section */
	};
	rootObject = A642D4C42D25BA4100AAABD6 /* Project object */;
}
